
Microsoft Visual Studio Solution File, Format Version 12.00
# Visual Studio Version 17
VisualStudioVersion = 17.9.34723.18
MinimumVisualStudioVersion = 10.0.40219.1
Project("{FAE04EC0-301F-11D3-BF4B-00C04F79EFBC}") = "Practica-SchimbValutar", "Practica-SchimbValutar\Practica-SchimbValutar.csproj", "{1D8C0677-E0D2-4B9F-A56F-9A51564F9589}"
EndProject
Global
	GlobalSection(SolutionConfigurationPlatforms) = preSolution
		Debug|Any CPU = Debug|Any CPU
		Release|Any CPU = Release|Any CPU
	EndGlobalSection
	GlobalSection(ProjectConfigurationPlatforms) = postSolution
		{1D8C0677-E0D2-4B9F-A56F-9A51564F9589}.Debug|Any CPU.ActiveCfg = Debug|Any CPU
		{1D8C0677-E0D2-4B9F-A56F-9A51564F9589}.Debug|Any CPU.Build.0 = Debug|Any CPU
		{1D8C0677-E0D2-4B9F-A56F-9A51564F9589}.Release|Any CPU.ActiveCfg = Release|Any CPU
		{1D8C0677-E0D2-4B9F-A56F-9A51564F9589}.Release|Any CPU.Build.0 = Release|Any CPU
	EndGlobalSection
	GlobalSection(SolutionProperties) = preSolution
		HideSolutionNode = FALSE
	EndGlobalSection
	GlobalSection(ExtensibilityGlobals) = postSolution
		SolutionGuid = {3AFDA22B-CF57-4507-B640-3ABCBDB02459}
	EndGlobalSection
EndGlobal
